
Microsoft Visual Studio Solution File, Format Version 12.00
# Visual Studio Version 17
VisualStudioVersion = 17.13.35825.156 d17.13
MinimumVisualStudioVersion = 10.0.40219.1
Project("{FAE04EC0-301F-11D3-BF4B-00C04F79EFBC}") = "ClassExample31", "ClassExample31.csproj", "{0AC55EBC-42AD-4ECE-92CC-EF4F100ED3EB}"
EndProject
Global
	GlobalSection(SolutionConfigurationPlatforms) = preSolution
		Debug|Any CPU = Debug|Any CPU
		Release|Any CPU = Release|Any CPU
	EndGlobalSection
	GlobalSection(ProjectConfigurationPlatforms) = postSolution
		{0AC55EBC-42AD-4ECE-92CC-EF4F100ED3EB}.Debug|Any CPU.ActiveCfg = Debug|Any CPU
		{0AC55EBC-42AD-4ECE-92CC-EF4F100ED3EB}.Debug|Any CPU.Build.0 = Debug|Any CPU
		{0AC55EBC-42AD-4ECE-92CC-EF4F100ED3EB}.Release|Any CPU.ActiveCfg = Release|Any CPU
		{0AC55EBC-42AD-4ECE-92CC-EF4F100ED3EB}.Release|Any CPU.Build.0 = Release|Any CPU
	EndGlobalSection
	GlobalSection(SolutionProperties) = preSolution
		HideSolutionNode = FALSE
	EndGlobalSection
	GlobalSection(ExtensibilityGlobals) = postSolution
		SolutionGuid = {F9DA394B-A790-4CF0-974F-2AD1C9AB78E2}
	EndGlobalSection
EndGlobal
